
Microsoft Visual Studio Solution File, Format Version 12.00
# Visual Studio Version 17
VisualStudioVersion = 17.6.33815.320
MinimumVisualStudioVersion = 10.0.40219.1
Project("{9092AA53-FB77-4645-B42D-1CCCA6BD08BD}") = "JS", "JS\JS.njsproj", "{5971DBCC-C5FE-45D0-89C9-5C7A42AEB5F5}"
EndProject
Global
	GlobalSection(SolutionConfigurationPlatforms) = preSolution
		Debug|Any CPU = Debug|Any CPU
		Release|Any CPU = Release|Any CPU
	EndGlobalSection
	GlobalSection(ProjectConfigurationPlatforms) = postSolution
		{5971DBCC-C5FE-45D0-89C9-5C7A42AEB5F5}.Debug|Any CPU.ActiveCfg = Debug|Any CPU
		{5971DBCC-C5FE-45D0-89C9-5C7A42AEB5F5}.Debug|Any CPU.Build.0 = Debug|Any CPU
		{5971DBCC-C5FE-45D0-89C9-5C7A42AEB5F5}.Release|Any CPU.ActiveCfg = Release|Any CPU
		{5971DBCC-C5FE-45D0-89C9-5C7A42AEB5F5}.Release|Any CPU.Build.0 = Release|Any CPU
	EndGlobalSection
	GlobalSection(SolutionProperties) = preSolution
		HideSolutionNode = FALSE
	EndGlobalSection
	GlobalSection(ExtensibilityGlobals) = postSolution
		SolutionGuid = {F9642F04-C2D4-433C-9082-6034C1C4DE6B}
	EndGlobalSection
EndGlobal
